PODS:
  - audio_service (0.0.1):
    - Flutter
    - FlutterMacOS
  - audio_session (0.0.1):
    - Flutter
  - battery_plus (1.0.0):
    - Flutter
  - connectivity_plus (0.0.1):
    - Flutter
  - CryptoSwift (1.8.4)
  - device_info_plus (0.0.1):
    - Flutter
  - DifferenceKit (1.3.0):
    - DifferenceKit/Core (= 1.3.0)
    - DifferenceKit/UIKitExtension (= 1.3.0)
  - DifferenceKit/Core (1.3.0)
  - DifferenceKit/UIKitExtension (1.3.0):
    - DifferenceKit/Core
  - DKImagePickerController/Core (4.3.9):
    - DKImagePickerController/ImageDataManager
    - DKImagePickerController/Resource
  - DKImagePickerController/ImageDataManager (4.3.9)
  - DKImagePickerController/PhotoGallery (4.3.9):
    - DKImagePickerController/Core
    - DKPhotoGallery
  - DKImagePickerController/Resource (4.3.9)
  - DKPhotoGallery (0.0.19):
    - DKPhotoGallery/Core (= 0.0.19)
    - DKPhotoGallery/Model (= 0.0.19)
    - DKPhotoGallery/Preview (= 0.0.19)
    - DKPhotoGallery/Resource (= 0.0.19)
    - SDWebImage
    - SwiftyGif
  - DKPhotoGallery/Core (0.0.19):
    - DKPhotoGallery/Model
    - DKPhotoGallery/Preview
    - SDWebImage
    - SwiftyGif
  - DKPhotoGallery/Model (0.0.19):
    - SDWebImage
    - SwiftyGif
  - DKPhotoGallery/Preview (0.0.19):
    - DKPhotoGallery/Model
    - DKPhotoGallery/Resource
    - SDWebImage
    - SwiftyGif
  - DKPhotoGallery/Resource (0.0.19):
    - SDWebImage
    - SwiftyGif
  - file_picker (0.0.1):
    - DKImagePickerController/PhotoGallery
    - Flutter
  - Flutter (1.0.0)
  - flutter_inappwebview_ios (0.0.1):
    - Flutter
    - flutter_inappwebview_ios/Core (= 0.0.1)
    - OrderedSet (~> 6.0.3)
  - flutter_inappwebview_ios/Core (0.0.1):
    - Flutter
    - OrderedSet (~> 6.0.3)
  - flutter_tts (0.0.1):
    - Flutter
  - Minizip (1.0.0)
  - OrderedSet (6.0.3)
  - package_info_plus (0.4.5):
    - Flutter
  - path_provider_foundation (0.0.1):
    - Flutter
    - FlutterMacOS
  - pdfx (1.0.0):
    - Flutter
  - permission_handler_apple (9.3.0):
    - Flutter
  - ReadiumAdapterGCDWebServer (3.7.0):
    - ReadiumGCDWebServer (~> 4.0.0)
    - ReadiumInternal (~> 3.7.0)
    - ReadiumShared (~> 3.7.0)
  - ReadiumFuzi (4.0.0)
  - ReadiumGCDWebServer (4.0.1)
  - ReadiumInternal (3.7.0)
  - ReadiumNavigator (3.7.0):
    - DifferenceKit (~> 1.0)
    - ReadiumInternal (~> 3.7.0)
    - ReadiumShared (~> 3.7.0)
    - SwiftSoup (~> 2.7.0)
  - ReadiumShared (3.7.0):
    - Minizip (~> 1.0.0)
    - ReadiumFuzi (~> 4.0.0)
    - ReadiumInternal (~> 3.7.0)
    - ReadiumZIPFoundation (~> 3.0.1)
    - SwiftSoup (~> 2.7.0)
  - ReadiumStreamer (3.7.0):
    - CryptoSwift (~> 1.8.0)
    - ReadiumFuzi (~> 4.0.0)
    - ReadiumInternal (~> 3.7.0)
    - ReadiumShared (~> 3.7.0)
  - ReadiumZIPFoundation (3.0.1)
  - saver_gallery (0.0.1):
    - Flutter
  - SDWebImage (5.21.6):
    - SDWebImage/Core (= 5.21.6)
  - SDWebImage/Core (5.21.6)
  - share_plus (0.0.1):
    - Flutter
  - shared_preferences_foundation (0.0.1):
    - Flutter
    - FlutterMacOS
  - sqflite_darwin (0.0.4):
    - Flutter
    - FlutterMacOS
  - SwiftSoup (2.7.6)
  - SwiftyGif (5.4.5)
  - url_launcher_ios (0.0.1):
    - Flutter
  - volume_controller (0.0.1):
    - Flutter
  - wakelock_plus (0.0.1):
    - Flutter

DEPENDENCIES:
  - audio_service (from `.symlinks/plugins/audio_service/darwin`)
  - audio_session (from `.symlinks/plugins/audio_session/ios`)
  - battery_plus (from `.symlinks/plugins/battery_plus/ios`)
  - connectivity_plus (from `.symlinks/plugins/connectivity_plus/ios`)
  - device_info_plus (from `.symlinks/plugins/device_info_plus/ios`)
  - file_picker (from `.symlinks/plugins/file_picker/ios`)
  - Flutter (from `Flutter`)
  - flutter_inappwebview_ios (from `.symlinks/plugins/flutter_inappwebview_ios/ios`)
  - flutter_tts (from `.symlinks/plugins/flutter_tts/ios`)
  - package_info_plus (from `.symlinks/plugins/package_info_plus/ios`)
  - path_provider_foundation (from `.symlinks/plugins/path_provider_foundation/darwin`)
  - pdfx (from `.symlinks/plugins/pdfx/ios`)
  - permission_handler_apple (from `.symlinks/plugins/permission_handler_apple/ios`)
  - ReadiumAdapterGCDWebServer (from `/Users/xiaoyuan/work/Origo Reader/app/flutter-app/ios/ReadiumLocalSpecs/ReadiumAdapterGCDWebServer.podspec`)
  - ReadiumFuzi (from `/Users/xiaoyuan/work/Origo Reader/app/flutter-app/ios/ReadiumLocalSpecs/ReadiumFuzi.podspec`)
  - ReadiumGCDWebServer (from `/Users/xiaoyuan/work/Origo Reader/app/flutter-app/ios/ReadiumLocalSpecs/ReadiumGCDWebServer.podspec`)
  - ReadiumInternal (from `/Users/xiaoyuan/work/Origo Reader/app/flutter-app/ios/ReadiumLocalSpecs/ReadiumInternal.podspec`)
  - ReadiumNavigator (from `/Users/xiaoyuan/work/Origo Reader/app/flutter-app/ios/ReadiumLocalSpecs/ReadiumNavigator.podspec`)
  - ReadiumShared (from `/Users/xiaoyuan/work/Origo Reader/app/flutter-app/ios/ReadiumLocalSpecs/ReadiumShared.podspec`)
  - ReadiumStreamer (from `/Users/xiaoyuan/work/Origo Reader/app/flutter-app/ios/ReadiumLocalSpecs/ReadiumStreamer.podspec`)
  - ReadiumZIPFoundation (from `/Users/xiaoyuan/work/Origo Reader/app/flutter-app/ios/ReadiumLocalSpecs/ReadiumZIPFoundation.podspec`)
  - saver_gallery (from `.symlinks/plugins/saver_gallery/ios`)
  - share_plus (from `.symlinks/plugins/share_plus/ios`)
  - shared_preferences_foundation (from `.symlinks/plugins/shared_preferences_foundation/darwin`)
  - sqflite_darwin (from `.symlinks/plugins/sqflite_darwin/darwin`)
  - url_launcher_ios (from `.symlinks/plugins/url_launcher_ios/ios`)
  - volume_controller (from `.symlinks/plugins/volume_controller/ios`)
  - wakelock_plus (from `.symlinks/plugins/wakelock_plus/ios`)

SPEC REPOS:
  trunk:
    - CryptoSwift
    - DifferenceKit
    - DKImagePickerController
    - DKPhotoGallery
    - Minizip
    - OrderedSet
    - SDWebImage
    - SwiftSoup
    - SwiftyGif

EXTERNAL SOURCES:
  audio_service:
    :path: ".symlinks/plugins/audio_service/darwin"
  audio_session:
    :path: ".symlinks/plugins/audio_session/ios"
  battery_plus:
    :path: ".symlinks/plugins/battery_plus/ios"
  connectivity_plus:
    :path: ".symlinks/plugins/connectivity_plus/ios"
  device_info_plus:
    :path: ".symlinks/plugins/device_info_plus/ios"
  file_picker:
    :path: ".symlinks/plugins/file_picker/ios"
  Flutter:
    :path: Flutter
  flutter_inappwebview_ios:
    :path: ".symlinks/plugins/flutter_inappwebview_ios/ios"
  flutter_tts:
    :path: ".symlinks/plugins/flutter_tts/ios"
  package_info_plus:
    :path: ".symlinks/plugins/package_info_plus/ios"
  path_provider_foundation:
    :path: ".symlinks/plugins/path_provider_foundation/darwin"
  pdfx:
    :path: ".symlinks/plugins/pdfx/ios"
  permission_handler_apple:
    :path: ".symlinks/plugins/permission_handler_apple/ios"
  ReadiumAdapterGCDWebServer:
    :podspec: "/Users/xiaoyuan/work/Origo Reader/app/flutter-app/ios/ReadiumLocalSpecs/ReadiumAdapterGCDWebServer.podspec"
  ReadiumFuzi:
    :podspec: "/Users/xiaoyuan/work/Origo Reader/app/flutter-app/ios/ReadiumLocalSpecs/ReadiumFuzi.podspec"
  ReadiumGCDWebServer:
    :podspec: "/Users/xiaoyuan/work/Origo Reader/app/flutter-app/ios/ReadiumLocalSpecs/ReadiumGCDWebServer.podspec"
  ReadiumInternal:
    :podspec: "/Users/xiaoyuan/work/Origo Reader/app/flutter-app/ios/ReadiumLocalSpecs/ReadiumInternal.podspec"
  ReadiumNavigator:
    :podspec: "/Users/xiaoyuan/work/Origo Reader/app/flutter-app/ios/ReadiumLocalSpecs/ReadiumNavigator.podspec"
  ReadiumShared:
    :podspec: "/Users/xiaoyuan/work/Origo Reader/app/flutter-app/ios/ReadiumLocalSpecs/ReadiumShared.podspec"
  ReadiumStreamer:
    :podspec: "/Users/xiaoyuan/work/Origo Reader/app/flutter-app/ios/ReadiumLocalSpecs/ReadiumStreamer.podspec"
  ReadiumZIPFoundation:
    :podspec: "/Users/xiaoyuan/work/Origo Reader/app/flutter-app/ios/ReadiumLocalSpecs/ReadiumZIPFoundation.podspec"
  saver_gallery:
    :path: ".symlinks/plugins/saver_gallery/ios"
  share_plus:
    :path: ".symlinks/plugins/share_plus/ios"
  shared_preferences_foundation:
    :path: ".symlinks/plugins/shared_preferences_foundation/darwin"
  sqflite_darwin:
    :path: ".symlinks/plugins/sqflite_darwin/darwin"
  url_launcher_ios:
    :path: ".symlinks/plugins/url_launcher_ios/ios"
  volume_controller:
    :path: ".symlinks/plugins/volume_controller/ios"
  wakelock_plus:
    :path: ".symlinks/plugins/wakelock_plus/ios"

SPEC CHECKSUMS:
  audio_service: aa99a6ba2ae7565996015322b0bb024e1d25c6fd
  audio_session: 9bb7f6c970f21241b19f5a3658097ae459681ba0
  battery_plus: b42253f6d2dde71712f8c36fef456d99121c5977
  connectivity_plus: cb623214f4e1f6ef8fe7403d580fdad517d2f7dd
  CryptoSwift: e64e11850ede528a02a0f3e768cec8e9d92ecb90
  device_info_plus: 335f3ce08d2e174b9fdc3db3db0f4e3b1f66bd89
  DifferenceKit: ab185c4d7f9cef8af3fcf593e5b387fb81e999ca
  DKImagePickerController: 946cec48c7873164274ecc4624d19e3da4c1ef3c
  DKPhotoGallery: b3834fecb755ee09a593d7c9e389d8b5d6deed60
  file_picker: a0560bc09d61de87f12d246fc47d2119e6ef37be
  Flutter: cabc95a1d2626b1b06e7179b784ebcf0c0cde467
  flutter_inappwebview_ios: b89ba3482b96fb25e00c967aae065701b66e9b99
  flutter_tts: b88dbc8655d3dc961bc4a796e4e16a4cc1795833
  Minizip: 188cb3e39a1195c283ae03bf673d182596fefd0b
  OrderedSet: e539b66b644ff081c73a262d24ad552a69be3a94
  package_info_plus: af8e2ca6888548050f16fa2f1938db7b5a5df499
  path_provider_foundation: 080d55be775b7414fd5a5ef3ac137b97b097e564
  pdfx: 77f4dddc48361fbb01486fa2bdee4532cbb97ef3
  permission_handler_apple: 4ed2196e43d0651e8ff7ca3483a069d469701f2d
  ReadiumAdapterGCDWebServer: b13887560cf9d14c84361927e4a9350b1f7eccb7
  ReadiumFuzi: 2c7c51a5f018825c5f233cf31ca49fe2b97def46
  ReadiumGCDWebServer: 111493ea1a37f9b17ccdf59905c4040a14d82496
  ReadiumInternal: 04476fe8a44c11b8ac50fbd22aee538c957b42b1
  ReadiumNavigator: b6cbfa7d0743489d56650f1243422adcfa8bc277
  ReadiumShared: 8380fd17b5857b693f85f5303fe43cbbaea37201
  ReadiumStreamer: 374fd3aaf60133bbc6ce24491aecd2e1cea3e72f
  ReadiumZIPFoundation: 2ac2371027e1c738430bf8ea16b6b20d367524a8
  saver_gallery: af2d0c762dafda254e0ad025ef0dabd6506cd490
  SDWebImage: 1bb6a1b84b6fe87b972a102bdc77dd589df33477
  share_plus: 50da8cb520a8f0f65671c6c6a99b3617ed10a58a
  shared_preferences_foundation: 9e1978ff2562383bd5676f64ec4e9aa8fa06a6f7
  sqflite_darwin: 20b2a3a3b70e43edae938624ce550a3cbf66a3d0
  SwiftSoup: 9ec2526c76ebc3fe5d3157c82b40b45a27eeb82d
  SwiftyGif: 706c60cf65fa2bc5ee0313beece843c8eb8194d4
  url_launcher_ios: 694010445543906933d732453a59da0a173ae33d
  volume_controller: ca1cde542ee70fad77d388f82e9616488110942b
  wakelock_plus: e29112ab3ef0b318e58cfa5c32326458be66b556

PODFILE CHECKSUM: f1ef054241d0e040b8c94800c1dc853c6ae8cb70

COCOAPODS: 1.16.2
